{
  "requires": true,
  "lockfileVersion": 1,
  "dependencies": {
    "@angular/core": {
      "version": "9.1.3",
      "resolved": "https://registry.npmjs.org/@angular/core/-/core-9.1.3.tgz",
      "integrity": "sha512-r+GyeCuBw9SUBzpPWhKxzTOkNYotYp3gANSWndihLC9P6W5T8Hfyg8uYcxKy7L42bpx8eXZOXFq91cioVwZtqA=="
    },
    "@progress/kendo-angular-pdf-export": {
      "version": "2.0.3",
      "resolved": "https://registry.npmjs.org/@progress/kendo-angular-pdf-export/-/kendo-angular-pdf-export-2.0.3.tgz",
      "integrity": "sha512-g+nudYsBkV1rVB2USrfgJu6OVhSbrQ+3iU4kR1TZOmE7cu8e61sF9uTwWs319XsiTTdv9OercRxz5RjKWOjGXQ==",
      "requires": {
        "@progress/kendo-file-saver": "^1.0.1",
        "@progress/kendo-schematics": "^1.1.0",
        "tslib": "^1.9.0"
      }
    },
    "@progress/kendo-data-query": {
      "version": "1.5.3",
      "resolved": "https://registry.npmjs.org/@progress/kendo-data-query/-/kendo-data-query-1.5.3.tgz",
      "integrity": "sha512-ykey2x3dvr5LSd5yxnmQ5BGJiRP7dLUaZNYKvn2V5PhzxkCYl/wHfmDPMrxH78XGcn2PzjFwxo9r78LT7jWa8A==",
      "requires": {
        "tslib": "^1.7.0"
      }
    },
    "@progress/kendo-drawing": {
      "version": "1.6.0",
      "resolved": "https://registry.npmjs.org/@progress/kendo-drawing/-/kendo-drawing-1.6.0.tgz",
      "integrity": "sha512-9dGlFvW9fMgqAgcbLi+SfTeMUpNYdoVthwNxwAtsRQ+QwcgXJcdzFpLrLBXp17pXpDDFpiOyMqiwjffNGwtc3w==",
      "requires": {
        "pako": "^1.0.5"
      }
    },
    "@progress/kendo-file-saver": {
      "version": "1.0.7",
      "resolved": "https://registry.npmjs.org/@progress/kendo-file-saver/-/kendo-file-saver-1.0.7.tgz",
      "integrity": "sha512-8tsho/+DATzfTW4BBaHrkF3C3jqH2/bQ+XbjqA0KfmTiBRVK6ygK+tkvkYeDhFlQBbJ02MmJlEC6OmXvXRFkUg=="
    },
    "@progress/kendo-schematics": {
      "version": "1.1.0",
      "resolved": "https://registry.npmjs.org/@progress/kendo-schematics/-/kendo-schematics-1.1.0.tgz",
      "integrity": "sha512-Pqkz/6exsintmsyacpsedoNh99hApvCMbbXSQtLphJjPWREjKo06BtIoCMnnRfd6HiThxMqQ1SKGY6njwA5zGg=="
    },
    "pako": {
      "version": "1.0.11",
      "resolved": "https://registry.npmjs.org/pako/-/pako-1.0.11.tgz",
      "integrity": "sha512-4hLB8Py4zZce5s4yd9XzopqwVv/yGNhV1Bl8NTmCq1763HeK2+EwVTv+leGeL13Dnh2wfbqowVPXCIO0z4taYw=="
    },
    "rxjs": {
      "version": "6.5.5",
      "resolved": "https://registry.npmjs.org/rxjs/-/rxjs-6.5.5.tgz",
      "integrity": "sha512-WfQI+1gohdf0Dai/Bbmk5L5ItH5tYqm3ki2c5GdWhKjalzjg93N3avFjVStyZZz+A2Em+ZxKH5bNghw9UeylGQ==",
      "requires": {
        "tslib": "^1.9.0"
      }
    },
    "tslib": {
      "version": "1.11.1",
      "resolved": "https://registry.npmjs.org/tslib/-/tslib-1.11.1.tgz",
      "integrity": "sha512-aZW88SY8kQbU7gpV19lN24LtXh/yD4ZZg6qieAJDDg+YBsJcSmLGK9QpnUjAKVG/xefmvJGd1WUmfpT/g6AJGA=="
    }
  }
}
